
Microsoft Visual Studio Solution File, Format Version 12.00
# Visual Studio Version 17
VisualStudioVersion = 17.1.32328.378
MinimumVisualStudioVersion = 10.0.40219.1
Project("{9A19103F-16F7-4668-BE54-9A1E7A4F7556}") = "TopologicalSort", "TopologicalSort\TopologicalSort.csproj", "{11FE4710-A973-4904-AEC2-97639E198E27}"
EndProject
Project("{2150E333-8FDC-42A3-9474-1A3956D46DE8}") = "externals", "externals", "{D8043E93-B428-4A53-A8FD-B5057D43A005}"
EndProject
Project("{9A19103F-16F7-4668-BE54-9A1E7A4F7556}") = "ExcelExport", "ExcelExport\ExcelExport.csproj", "{851E2326-9025-4531-8DD6-7C3A330AD529}"
EndProject
Project("{9A19103F-16F7-4668-BE54-9A1E7A4F7556}") = "DependencyInjection", "DependencyInjection\DependencyInjection.csproj", "{759A111C-EAAD-4438-A5BF-80315D99DA18}"
EndProject
Project("{9A19103F-16F7-4668-BE54-9A1E7A4F7556}") = "EFCoreUtilities", "EFCoreUtilities\EFCoreUtilities.csproj", "{233D0C4B-578A-4513-8D82-5079123E23E4}"
EndProject
Project("{9A19103F-16F7-4668-BE54-9A1E7A4F7556}") = "MiscellaneousUtilities", "MiscellaneousUtilities\MiscellaneousUtilities.csproj", "{187AFC28-96BE-47C0-BD85-EF517C4BE882}"
EndProject
Project("{9A19103F-16F7-4668-BE54-9A1E7A4F7556}") = "VisualUtilities", "VisualUtilities\VisualUtilities.csproj", "{C3CADCB1-C0F5-400F-945F-876DEE7EB3FE}"
EndProject
Project("{9A19103F-16F7-4668-BE54-9A1E7A4F7556}") = "J4JLogging", "..\J4JLogging\J4JLogging\J4JLogging.csproj", "{BF7C19D5-2FB6-4B94-B73C-337880DF5582}"
EndProject
Project("{9A19103F-16F7-4668-BE54-9A1E7A4F7556}") = "ConsoleUtilities", "ConsoleUtilities\ConsoleUtilities.csproj", "{FF7C4C81-7A1D-4993-B84C-FAF638524772}"
EndProject
Project("{9A19103F-16F7-4668-BE54-9A1E7A4F7556}") = "WPFUtilities", "WPFUtilities\WPFUtilities.csproj", "{54A3B007-2BCD-4FBC-82F0-618E0396789D}"
EndProject
Project("{9A19103F-16F7-4668-BE54-9A1E7A4F7556}") = "MahAppsMetroMaterialDesign", "MahAppsMetroMaterialDesign\MahAppsMetroMaterialDesign.csproj", "{E1EDCFE6-C93A-44BB-8AA5-37A7AD1C8FF0}"
EndProject
Project("{9A19103F-16F7-4668-BE54-9A1E7A4F7556}") = "TypeUtilities", "TypeUtilities\TypeUtilities.csproj", "{E4C9C413-EB06-4318-ACAA-9D9A92822B0C}"
EndProject
Project("{9A19103F-16F7-4668-BE54-9A1E7A4F7556}") = "J4JCommandLine", "..\J4JCommandLine\J4JCommandLine\J4JCommandLine.csproj", "{69333E18-667C-48FF-B398-5F6A75C66D4A}"
EndProject
Project("{2150E333-8FDC-42A3-9474-1A3956D46DE8}") = "docs", "docs", "{7DFBF69A-5284-4B8E-A94E-8FCDA8319CDA}"
	ProjectSection(SolutionItems) = preProject
		docs\console-util.md = docs\console-util.md
		docs\efcore.md = docs\efcore.md
		docs\excel-export.md = docs\excel-export.md
		LICENSE.md = LICENSE.md
		docs\mahappsmatdesign.md = docs\mahappsmatdesign.md
		README.md = README.md
		docs\topo-sort.md = docs\topo-sort.md
		docs\type-utils.md = docs\type-utils.md
		docs\visual-utils.md = docs\visual-utils.md
		docs\wpf-utilities.md = docs\wpf-utilities.md
	EndProjectSection
EndProject
Project("{2150E333-8FDC-42A3-9474-1A3956D46DE8}") = "assets", "assets", "{CB3428CE-8706-4D9A-8452-86E578B457B1}"
	ProjectSection(SolutionItems) = preProject
		docs\assets\topo-actions.png = docs\assets\topo-actions.png
	EndProjectSection
EndProject
Project("{2150E333-8FDC-42A3-9474-1A3956D46DE8}") = "dependency", "dependency", "{5237DC45-ECD8-4481-98A1-938EFEECD0CE}"
	ProjectSection(SolutionItems) = preProject
		docs\dependency\basic.md = docs\dependency\basic.md
		docs\dependency\changes.md = docs\dependency\changes.md
		docs\dependency\console-app-example.md = docs\dependency\console-app-example.md
		docs\dependency\dependency.md = docs\dependency\dependency.md
		docs\dependency\iconfiguration.md = docs\dependency\iconfiguration.md
		docs\dependency\j4jcmdline.md = docs\dependency\j4jcmdline.md
		docs\dependency\j4jlogging.md = docs\dependency\j4jlogging.md
		docs\dependency\usage.md = docs\dependency\usage.md
		docs\dependency\wpf-app-example.md = docs\dependency\wpf-app-example.md
	EndProjectSection
EndProject
Project("{2150E333-8FDC-42A3-9474-1A3956D46DE8}") = "miscutils", "miscutils", "{7EA3AFA3-3374-4A8E-992C-38864BE6B909}"
	ProjectSection(SolutionItems) = preProject
		docs\miscutils\miscutils.md = docs\miscutils\miscutils.md
	EndProjectSection
EndProject
Project("{2150E333-8FDC-42A3-9474-1A3956D46DE8}") = "range-tick", "range-tick", "{3859C037-FE05-4118-A5A0-FBCBD8C77CC6}"
	ProjectSection(SolutionItems) = preProject
		docs\miscutils\range-tick\intro.md = docs\miscutils\range-tick\intro.md
	EndProjectSection
EndProject
Project("{2150E333-8FDC-42A3-9474-1A3956D46DE8}") = "selectable", "selectable", "{8E4E12A3-A698-44EB-8F81-94BB72E2EB72}"
	ProjectSection(SolutionItems) = preProject
		docs\miscutils\selectable\intro.md = docs\miscutils\selectable\intro.md
	EndProjectSection
EndProject
Project("{9A19103F-16F7-4668-BE54-9A1E7A4F7556}") = "WindowsAppUtilities", "WindowsAppUtilities\WindowsAppUtilities.csproj", "{896CEB8F-5763-47A5-A284-3749876A956A}"
EndProject
Project("{2150E333-8FDC-42A3-9474-1A3956D46DE8}") = "nuget", "nuget", "{B38D3ED3-4DFA-4BD2-B264-0FE6407C4C3B}"
	ProjectSection(SolutionItems) = preProject
		docs\nuget\nuget-console.md = docs\nuget\nuget-console.md
		docs\nuget\nuget-dependency.md = docs\nuget\nuget-dependency.md
		docs\nuget\nuget-excelexport.md = docs\nuget\nuget-excelexport.md
		docs\nuget\nuget-mahapps.md = docs\nuget\nuget-mahapps.md
		docs\nuget\nuget-misc.md = docs\nuget\nuget-misc.md
		docs\nuget\nuget-topo.md = docs\nuget\nuget-topo.md
		docs\nuget\nuget-type-utils.md = docs\nuget\nuget-type-utils.md
		docs\nuget\nuget-visual-utils.md = docs\nuget\nuget-visual-utils.md
		docs\nuget\nuget-winapp.md = docs\nuget\nuget-winapp.md
		docs\nuget\nuget-wpf-utilities.md = docs\nuget\nuget-wpf-utilities.md
	EndProjectSection
EndProject
Project("{9A19103F-16F7-4668-BE54-9A1E7A4F7556}") = "DeusEx", "DeusEx\DeusEx.csproj", "{C7A985E1-AE32-4132-AEA7-8FFAC2002758}"
EndProject
Project("{2150E333-8FDC-42A3-9474-1A3956D46DE8}") = "tests", "tests", "{B3D5EEAA-FFD8-476F-9DE7-81AE07CD3B2D}"
EndProject
Project("{9A19103F-16F7-4668-BE54-9A1E7A4F7556}") = "Test.DependencyInjection", "Test.DependencyInjection\Test.DependencyInjection.csproj", "{ADDE517B-1C55-4A43-B87D-A665C7DBB8EC}"
EndProject
Project("{9A19103F-16F7-4668-BE54-9A1E7A4F7556}") = "Test.MiscellaneousUtilities", "Test.MiscellaneousUtilities\Test.MiscellaneousUtilities.csproj", "{6B81186A-0FEF-46A0-BDE9-E888D7469AB8}"
EndProject
Project("{9A19103F-16F7-4668-BE54-9A1E7A4F7556}") = "Test.VisualUtilities", "Test.VisualUtilities\Test.VisualUtilities.csproj", "{65175E48-ED15-49D0-8828-A4A2CD02B93B}"
EndProject
Project("{9A19103F-16F7-4668-BE54-9A1E7A4F7556}") = "Test.WPFUtilities", "Test.WPFUtilities\Test.WPFUtilities.csproj", "{DAA3A55C-5954-460E-BAA4-5A8867540895}"
EndProject
Global
	GlobalSection(SolutionConfigurationPlatforms) = preSolution
		Debug|Any CPU = Debug|Any CPU
		Release|Any CPU = Release|Any CPU
	EndGlobalSection
	GlobalSection(ProjectConfigurationPlatforms) = postSolution
		{11FE4710-A973-4904-AEC2-97639E198E27}.Debug|Any CPU.ActiveCfg = Debug|Any CPU
		{11FE4710-A973-4904-AEC2-97639E198E27}.Debug|Any CPU.Build.0 = Debug|Any CPU
		{11FE4710-A973-4904-AEC2-97639E198E27}.Release|Any CPU.ActiveCfg = Release|Any CPU
		{11FE4710-A973-4904-AEC2-97639E198E27}.Release|Any CPU.Build.0 = Release|Any CPU
		{851E2326-9025-4531-8DD6-7C3A330AD529}.Debug|Any CPU.ActiveCfg = Debug|Any CPU
		{851E2326-9025-4531-8DD6-7C3A330AD529}.Debug|Any CPU.Build.0 = Debug|Any CPU
		{851E2326-9025-4531-8DD6-7C3A330AD529}.Release|Any CPU.ActiveCfg = Release|Any CPU
		{851E2326-9025-4531-8DD6-7C3A330AD529}.Release|Any CPU.Build.0 = Release|Any CPU
		{759A111C-EAAD-4438-A5BF-80315D99DA18}.Debug|Any CPU.ActiveCfg = Debug|Any CPU
		{759A111C-EAAD-4438-A5BF-80315D99DA18}.Debug|Any CPU.Build.0 = Debug|Any CPU
		{759A111C-EAAD-4438-A5BF-80315D99DA18}.Release|Any CPU.ActiveCfg = Release|Any CPU
		{759A111C-EAAD-4438-A5BF-80315D99DA18}.Release|Any CPU.Build.0 = Release|Any CPU
		{233D0C4B-578A-4513-8D82-5079123E23E4}.Debug|Any CPU.ActiveCfg = Debug|Any CPU
		{233D0C4B-578A-4513-8D82-5079123E23E4}.Debug|Any CPU.Build.0 = Debug|Any CPU
		{233D0C4B-578A-4513-8D82-5079123E23E4}.Release|Any CPU.ActiveCfg = Release|Any CPU
		{233D0C4B-578A-4513-8D82-5079123E23E4}.Release|Any CPU.Build.0 = Release|Any CPU
		{187AFC28-96BE-47C0-BD85-EF517C4BE882}.Debug|Any CPU.ActiveCfg = Debug|Any CPU
		{187AFC28-96BE-47C0-BD85-EF517C4BE882}.Debug|Any CPU.Build.0 = Debug|Any CPU
		{187AFC28-96BE-47C0-BD85-EF517C4BE882}.Release|Any CPU.ActiveCfg = Release|Any CPU
		{187AFC28-96BE-47C0-BD85-EF517C4BE882}.Release|Any CPU.Build.0 = Release|Any CPU
		{C3CADCB1-C0F5-400F-945F-876DEE7EB3FE}.Debug|Any CPU.ActiveCfg = Debug|Any CPU
		{C3CADCB1-C0F5-400F-945F-876DEE7EB3FE}.Debug|Any CPU.Build.0 = Debug|Any CPU
		{C3CADCB1-C0F5-400F-945F-876DEE7EB3FE}.Release|Any CPU.ActiveCfg = Release|Any CPU
		{C3CADCB1-C0F5-400F-945F-876DEE7EB3FE}.Release|Any CPU.Build.0 = Release|Any CPU
		{BF7C19D5-2FB6-4B94-B73C-337880DF5582}.Debug|Any CPU.ActiveCfg = Debug|Any CPU
		{BF7C19D5-2FB6-4B94-B73C-337880DF5582}.Debug|Any CPU.Build.0 = Debug|Any CPU
		{BF7C19D5-2FB6-4B94-B73C-337880DF5582}.Release|Any CPU.ActiveCfg = Release|Any CPU
		{BF7C19D5-2FB6-4B94-B73C-337880DF5582}.Release|Any CPU.Build.0 = Release|Any CPU
		{FF7C4C81-7A1D-4993-B84C-FAF638524772}.Debug|Any CPU.ActiveCfg = Debug|Any CPU
		{FF7C4C81-7A1D-4993-B84C-FAF638524772}.Debug|Any CPU.Build.0 = Debug|Any CPU
		{FF7C4C81-7A1D-4993-B84C-FAF638524772}.Release|Any CPU.ActiveCfg = Release|Any CPU
		{FF7C4C81-7A1D-4993-B84C-FAF638524772}.Release|Any CPU.Build.0 = Release|Any CPU
		{54A3B007-2BCD-4FBC-82F0-618E0396789D}.Debug|Any CPU.ActiveCfg = Debug|Any CPU
		{54A3B007-2BCD-4FBC-82F0-618E0396789D}.Debug|Any CPU.Build.0 = Debug|Any CPU
		{54A3B007-2BCD-4FBC-82F0-618E0396789D}.Release|Any CPU.ActiveCfg = Release|Any CPU
		{54A3B007-2BCD-4FBC-82F0-618E0396789D}.Release|Any CPU.Build.0 = Release|Any CPU
		{E1EDCFE6-C93A-44BB-8AA5-37A7AD1C8FF0}.Debug|Any CPU.ActiveCfg = Debug|Any CPU
		{E1EDCFE6-C93A-44BB-8AA5-37A7AD1C8FF0}.Debug|Any CPU.Build.0 = Debug|Any CPU
		{E1EDCFE6-C93A-44BB-8AA5-37A7AD1C8FF0}.Release|Any CPU.ActiveCfg = Release|Any CPU
		{E1EDCFE6-C93A-44BB-8AA5-37A7AD1C8FF0}.Release|Any CPU.Build.0 = Release|Any CPU
		{E4C9C413-EB06-4318-ACAA-9D9A92822B0C}.Debug|Any CPU.ActiveCfg = Debug|Any CPU
		{E4C9C413-EB06-4318-ACAA-9D9A92822B0C}.Debug|Any CPU.Build.0 = Debug|Any CPU
		{E4C9C413-EB06-4318-ACAA-9D9A92822B0C}.Release|Any CPU.ActiveCfg = Release|Any CPU
		{E4C9C413-EB06-4318-ACAA-9D9A92822B0C}.Release|Any CPU.Build.0 = Release|Any CPU
		{69333E18-667C-48FF-B398-5F6A75C66D4A}.Debug|Any CPU.ActiveCfg = Debug|Any CPU
		{69333E18-667C-48FF-B398-5F6A75C66D4A}.Debug|Any CPU.Build.0 = Debug|Any CPU
		{69333E18-667C-48FF-B398-5F6A75C66D4A}.Release|Any CPU.ActiveCfg = Release|Any CPU
		{69333E18-667C-48FF-B398-5F6A75C66D4A}.Release|Any CPU.Build.0 = Release|Any CPU
		{896CEB8F-5763-47A5-A284-3749876A956A}.Debug|Any CPU.ActiveCfg = Debug|Any CPU
		{896CEB8F-5763-47A5-A284-3749876A956A}.Debug|Any CPU.Build.0 = Debug|Any CPU
		{896CEB8F-5763-47A5-A284-3749876A956A}.Release|Any CPU.ActiveCfg = Release|Any CPU
		{896CEB8F-5763-47A5-A284-3749876A956A}.Release|Any CPU.Build.0 = Release|Any CPU
		{C7A985E1-AE32-4132-AEA7-8FFAC2002758}.Debug|Any CPU.ActiveCfg = Debug|Any CPU
		{C7A985E1-AE32-4132-AEA7-8FFAC2002758}.Debug|Any CPU.Build.0 = Debug|Any CPU
		{C7A985E1-AE32-4132-AEA7-8FFAC2002758}.Release|Any CPU.ActiveCfg = Release|Any CPU
		{C7A985E1-AE32-4132-AEA7-8FFAC2002758}.Release|Any CPU.Build.0 = Release|Any CPU
		{ADDE517B-1C55-4A43-B87D-A665C7DBB8EC}.Debug|Any CPU.ActiveCfg = Debug|Any CPU
		{ADDE517B-1C55-4A43-B87D-A665C7DBB8EC}.Debug|Any CPU.Build.0 = Debug|Any CPU
		{ADDE517B-1C55-4A43-B87D-A665C7DBB8EC}.Release|Any CPU.ActiveCfg = Release|Any CPU
		{ADDE517B-1C55-4A43-B87D-A665C7DBB8EC}.Release|Any CPU.Build.0 = Release|Any CPU
		{6B81186A-0FEF-46A0-BDE9-E888D7469AB8}.Debug|Any CPU.ActiveCfg = Debug|Any CPU
		{6B81186A-0FEF-46A0-BDE9-E888D7469AB8}.Debug|Any CPU.Build.0 = Debug|Any CPU
		{6B81186A-0FEF-46A0-BDE9-E888D7469AB8}.Release|Any CPU.ActiveCfg = Release|Any CPU
		{6B81186A-0FEF-46A0-BDE9-E888D7469AB8}.Release|Any CPU.Build.0 = Release|Any CPU
		{65175E48-ED15-49D0-8828-A4A2CD02B93B}.Debug|Any CPU.ActiveCfg = Debug|Any CPU
		{65175E48-ED15-49D0-8828-A4A2CD02B93B}.Debug|Any CPU.Build.0 = Debug|Any CPU
		{65175E48-ED15-49D0-8828-A4A2CD02B93B}.Release|Any CPU.ActiveCfg = Release|Any CPU
		{65175E48-ED15-49D0-8828-A4A2CD02B93B}.Release|Any CPU.Build.0 = Release|Any CPU
		{DAA3A55C-5954-460E-BAA4-5A8867540895}.Debug|Any CPU.ActiveCfg = Debug|Any CPU
		{DAA3A55C-5954-460E-BAA4-5A8867540895}.Debug|Any CPU.Build.0 = Debug|Any CPU
		{DAA3A55C-5954-460E-BAA4-5A8867540895}.Release|Any CPU.ActiveCfg = Release|Any CPU
		{DAA3A55C-5954-460E-BAA4-5A8867540895}.Release|Any CPU.Build.0 = Release|Any CPU
	EndGlobalSection
	GlobalSection(SolutionProperties) = preSolution
		HideSolutionNode = FALSE
	EndGlobalSection
	GlobalSection(NestedProjects) = preSolution
		{BF7C19D5-2FB6-4B94-B73C-337880DF5582} = {D8043E93-B428-4A53-A8FD-B5057D43A005}
		{69333E18-667C-48FF-B398-5F6A75C66D4A} = {D8043E93-B428-4A53-A8FD-B5057D43A005}
		{CB3428CE-8706-4D9A-8452-86E578B457B1} = {7DFBF69A-5284-4B8E-A94E-8FCDA8319CDA}
		{5237DC45-ECD8-4481-98A1-938EFEECD0CE} = {7DFBF69A-5284-4B8E-A94E-8FCDA8319CDA}
		{7EA3AFA3-3374-4A8E-992C-38864BE6B909} = {7DFBF69A-5284-4B8E-A94E-8FCDA8319CDA}
		{3859C037-FE05-4118-A5A0-FBCBD8C77CC6} = {7EA3AFA3-3374-4A8E-992C-38864BE6B909}
		{8E4E12A3-A698-44EB-8F81-94BB72E2EB72} = {7EA3AFA3-3374-4A8E-992C-38864BE6B909}
		{B38D3ED3-4DFA-4BD2-B264-0FE6407C4C3B} = {7DFBF69A-5284-4B8E-A94E-8FCDA8319CDA}
		{ADDE517B-1C55-4A43-B87D-A665C7DBB8EC} = {B3D5EEAA-FFD8-476F-9DE7-81AE07CD3B2D}
		{6B81186A-0FEF-46A0-BDE9-E888D7469AB8} = {B3D5EEAA-FFD8-476F-9DE7-81AE07CD3B2D}
		{65175E48-ED15-49D0-8828-A4A2CD02B93B} = {B3D5EEAA-FFD8-476F-9DE7-81AE07CD3B2D}
		{DAA3A55C-5954-460E-BAA4-5A8867540895} = {B3D5EEAA-FFD8-476F-9DE7-81AE07CD3B2D}
	EndGlobalSection
	GlobalSection(ExtensibilityGlobals) = postSolution
		SolutionGuid = {4181E7AB-9170-480C-A128-CAB8740DD30B}
	EndGlobalSection
EndGlobal
