
Microsoft Visual Studio Solution File, Format Version 12.00
# Visual Studio Version 16
VisualStudioVersion = 16.0.30717.126
MinimumVisualStudioVersion = 10.0.40219.1
Project("{9A19103F-16F7-4668-BE54-9A1E7A4F7556}") = "TopologicalSort", "TopologicalSort\TopologicalSort.csproj", "{11FE4710-A973-4904-AEC2-97639E198E27}"
EndProject
Project("{2150E333-8FDC-42A3-9474-1A3956D46DE8}") = "externals", "externals", "{D8043E93-B428-4A53-A8FD-B5057D43A005}"
EndProject
Project("{9A19103F-16F7-4668-BE54-9A1E7A4F7556}") = "ExcelExport", "ExcelExport\ExcelExport.csproj", "{851E2326-9025-4531-8DD6-7C3A330AD529}"
EndProject
Project("{9A19103F-16F7-4668-BE54-9A1E7A4F7556}") = "DependencyInjection", "DependencyInjection\DependencyInjection.csproj", "{759A111C-EAAD-4438-A5BF-80315D99DA18}"
EndProject
Project("{9A19103F-16F7-4668-BE54-9A1E7A4F7556}") = "EFCoreUtilities", "EFCoreUtilities\EFCoreUtilities.csproj", "{233D0C4B-578A-4513-8D82-5079123E23E4}"
EndProject
Project("{9A19103F-16F7-4668-BE54-9A1E7A4F7556}") = "MiscellaneousUtilities", "MiscellaneousUtilities\MiscellaneousUtilities.csproj", "{187AFC28-96BE-47C0-BD85-EF517C4BE882}"
EndProject
Project("{9A19103F-16F7-4668-BE54-9A1E7A4F7556}") = "VisualUtilities", "VisualUtilities\VisualUtilities.csproj", "{C3CADCB1-C0F5-400F-945F-876DEE7EB3FE}"
EndProject
Project("{9A19103F-16F7-4668-BE54-9A1E7A4F7556}") = "Test.VisualUtilities", "Test.VisualUtilities\Test.VisualUtilities.csproj", "{1BE4B93C-D5E5-4F31-B538-CBD99E8F3BC1}"
EndProject
Project("{2150E333-8FDC-42A3-9474-1A3956D46DE8}") = "docs", "docs", "{227978C5-DDD3-4B0E-8A15-1322EEE164A2}"
	ProjectSection(SolutionItems) = preProject
		docs\console-util.md = docs\console-util.md
		docs\dependency.md = docs\dependency.md
		docs\efcore.md = docs\efcore.md
		docs\excel-export.md = docs\excel-export.md
		LICENSE.md = LICENSE.md
		README.md = README.md
		docs\topo-sort.md = docs\topo-sort.md
		docs\visual-utils.md = docs\visual-utils.md
		docs\wpf-viewmodel.md = docs\wpf-viewmodel.md
	EndProjectSection
EndProject
Project("{9A19103F-16F7-4668-BE54-9A1E7A4F7556}") = "AutoFacJ4JLogging", "..\J4JLogging\AutoFacJ4JLogging\AutoFacJ4JLogging.csproj", "{263B9E79-53A7-4075-B2F6-0CE4E35804BC}"
EndProject
Project("{9A19103F-16F7-4668-BE54-9A1E7A4F7556}") = "J4JLogging", "..\J4JLogging\J4JLogging\J4JLogging.csproj", "{BF7C19D5-2FB6-4B94-B73C-337880DF5582}"
EndProject
Project("{9A19103F-16F7-4668-BE54-9A1E7A4F7556}") = "ConsoleUtilities", "ConsoleUtilities\ConsoleUtilities.csproj", "{FF7C4C81-7A1D-4993-B84C-FAF638524772}"
EndProject
Project("{2150E333-8FDC-42A3-9474-1A3956D46DE8}") = "assets", "assets", "{1BD26D51-9727-4FAB-81AD-2C6EC2661711}"
	ProjectSection(SolutionItems) = preProject
		docs\assets\topo-actions.png = docs\assets\topo-actions.png
	EndProjectSection
EndProject
Project("{9A19103F-16F7-4668-BE54-9A1E7A4F7556}") = "WPFUtilities", "WPFUtilities\WPFUtilities.csproj", "{54A3B007-2BCD-4FBC-82F0-618E0396789D}"
EndProject
Project("{9A19103F-16F7-4668-BE54-9A1E7A4F7556}") = "MahAppsMetroMaterialDesign", "MahAppsMetroMaterialDesign\MahAppsMetroMaterialDesign.csproj", "{E1EDCFE6-C93A-44BB-8AA5-37A7AD1C8FF0}"
EndProject
Project("{FAE04EC0-301F-11D3-BF4B-00C04F79EFBC}") = "Test.WPFUtilities", "Test.WPFUtilities\Test.WPFUtilities.csproj", "{89E32AA0-0C2B-45A9-8D49-3F3AC6EBA084}"
EndProject
Global
	GlobalSection(SolutionConfigurationPlatforms) = preSolution
		Debug|Any CPU = Debug|Any CPU
		Release|Any CPU = Release|Any CPU
	EndGlobalSection
	GlobalSection(ProjectConfigurationPlatforms) = postSolution
		{11FE4710-A973-4904-AEC2-97639E198E27}.Debug|Any CPU.ActiveCfg = Debug|Any CPU
		{11FE4710-A973-4904-AEC2-97639E198E27}.Debug|Any CPU.Build.0 = Debug|Any CPU
		{11FE4710-A973-4904-AEC2-97639E198E27}.Release|Any CPU.ActiveCfg = Release|Any CPU
		{11FE4710-A973-4904-AEC2-97639E198E27}.Release|Any CPU.Build.0 = Release|Any CPU
		{851E2326-9025-4531-8DD6-7C3A330AD529}.Debug|Any CPU.ActiveCfg = Debug|Any CPU
		{851E2326-9025-4531-8DD6-7C3A330AD529}.Debug|Any CPU.Build.0 = Debug|Any CPU
		{851E2326-9025-4531-8DD6-7C3A330AD529}.Release|Any CPU.ActiveCfg = Release|Any CPU
		{851E2326-9025-4531-8DD6-7C3A330AD529}.Release|Any CPU.Build.0 = Release|Any CPU
		{759A111C-EAAD-4438-A5BF-80315D99DA18}.Debug|Any CPU.ActiveCfg = Debug|Any CPU
		{759A111C-EAAD-4438-A5BF-80315D99DA18}.Debug|Any CPU.Build.0 = Debug|Any CPU
		{759A111C-EAAD-4438-A5BF-80315D99DA18}.Release|Any CPU.ActiveCfg = Release|Any CPU
		{759A111C-EAAD-4438-A5BF-80315D99DA18}.Release|Any CPU.Build.0 = Release|Any CPU
		{233D0C4B-578A-4513-8D82-5079123E23E4}.Debug|Any CPU.ActiveCfg = Debug|Any CPU
		{233D0C4B-578A-4513-8D82-5079123E23E4}.Debug|Any CPU.Build.0 = Debug|Any CPU
		{233D0C4B-578A-4513-8D82-5079123E23E4}.Release|Any CPU.ActiveCfg = Release|Any CPU
		{233D0C4B-578A-4513-8D82-5079123E23E4}.Release|Any CPU.Build.0 = Release|Any CPU
		{187AFC28-96BE-47C0-BD85-EF517C4BE882}.Debug|Any CPU.ActiveCfg = Debug|Any CPU
		{187AFC28-96BE-47C0-BD85-EF517C4BE882}.Debug|Any CPU.Build.0 = Debug|Any CPU
		{187AFC28-96BE-47C0-BD85-EF517C4BE882}.Release|Any CPU.ActiveCfg = Release|Any CPU
		{187AFC28-96BE-47C0-BD85-EF517C4BE882}.Release|Any CPU.Build.0 = Release|Any CPU
		{C3CADCB1-C0F5-400F-945F-876DEE7EB3FE}.Debug|Any CPU.ActiveCfg = Debug|Any CPU
		{C3CADCB1-C0F5-400F-945F-876DEE7EB3FE}.Debug|Any CPU.Build.0 = Debug|Any CPU
		{C3CADCB1-C0F5-400F-945F-876DEE7EB3FE}.Release|Any CPU.ActiveCfg = Release|Any CPU
		{C3CADCB1-C0F5-400F-945F-876DEE7EB3FE}.Release|Any CPU.Build.0 = Release|Any CPU
		{1BE4B93C-D5E5-4F31-B538-CBD99E8F3BC1}.Debug|Any CPU.ActiveCfg = Debug|Any CPU
		{1BE4B93C-D5E5-4F31-B538-CBD99E8F3BC1}.Debug|Any CPU.Build.0 = Debug|Any CPU
		{1BE4B93C-D5E5-4F31-B538-CBD99E8F3BC1}.Release|Any CPU.ActiveCfg = Release|Any CPU
		{1BE4B93C-D5E5-4F31-B538-CBD99E8F3BC1}.Release|Any CPU.Build.0 = Release|Any CPU
		{263B9E79-53A7-4075-B2F6-0CE4E35804BC}.Debug|Any CPU.ActiveCfg = Debug|Any CPU
		{263B9E79-53A7-4075-B2F6-0CE4E35804BC}.Debug|Any CPU.Build.0 = Debug|Any CPU
		{263B9E79-53A7-4075-B2F6-0CE4E35804BC}.Release|Any CPU.ActiveCfg = Release|Any CPU
		{263B9E79-53A7-4075-B2F6-0CE4E35804BC}.Release|Any CPU.Build.0 = Release|Any CPU
		{BF7C19D5-2FB6-4B94-B73C-337880DF5582}.Debug|Any CPU.ActiveCfg = Debug|Any CPU
		{BF7C19D5-2FB6-4B94-B73C-337880DF5582}.Debug|Any CPU.Build.0 = Debug|Any CPU
		{BF7C19D5-2FB6-4B94-B73C-337880DF5582}.Release|Any CPU.ActiveCfg = Release|Any CPU
		{BF7C19D5-2FB6-4B94-B73C-337880DF5582}.Release|Any CPU.Build.0 = Release|Any CPU
		{FF7C4C81-7A1D-4993-B84C-FAF638524772}.Debug|Any CPU.ActiveCfg = Debug|Any CPU
		{FF7C4C81-7A1D-4993-B84C-FAF638524772}.Debug|Any CPU.Build.0 = Debug|Any CPU
		{FF7C4C81-7A1D-4993-B84C-FAF638524772}.Release|Any CPU.ActiveCfg = Release|Any CPU
		{FF7C4C81-7A1D-4993-B84C-FAF638524772}.Release|Any CPU.Build.0 = Release|Any CPU
		{54A3B007-2BCD-4FBC-82F0-618E0396789D}.Debug|Any CPU.ActiveCfg = Debug|Any CPU
		{54A3B007-2BCD-4FBC-82F0-618E0396789D}.Debug|Any CPU.Build.0 = Debug|Any CPU
		{54A3B007-2BCD-4FBC-82F0-618E0396789D}.Release|Any CPU.ActiveCfg = Release|Any CPU
		{54A3B007-2BCD-4FBC-82F0-618E0396789D}.Release|Any CPU.Build.0 = Release|Any CPU
		{E1EDCFE6-C93A-44BB-8AA5-37A7AD1C8FF0}.Debug|Any CPU.ActiveCfg = Debug|Any CPU
		{E1EDCFE6-C93A-44BB-8AA5-37A7AD1C8FF0}.Debug|Any CPU.Build.0 = Debug|Any CPU
		{E1EDCFE6-C93A-44BB-8AA5-37A7AD1C8FF0}.Release|Any CPU.ActiveCfg = Release|Any CPU
		{E1EDCFE6-C93A-44BB-8AA5-37A7AD1C8FF0}.Release|Any CPU.Build.0 = Release|Any CPU
		{89E32AA0-0C2B-45A9-8D49-3F3AC6EBA084}.Debug|Any CPU.ActiveCfg = Debug|Any CPU
		{89E32AA0-0C2B-45A9-8D49-3F3AC6EBA084}.Debug|Any CPU.Build.0 = Debug|Any CPU
		{89E32AA0-0C2B-45A9-8D49-3F3AC6EBA084}.Release|Any CPU.ActiveCfg = Release|Any CPU
		{89E32AA0-0C2B-45A9-8D49-3F3AC6EBA084}.Release|Any CPU.Build.0 = Release|Any CPU
	EndGlobalSection
	GlobalSection(SolutionProperties) = preSolution
		HideSolutionNode = FALSE
	EndGlobalSection
	GlobalSection(NestedProjects) = preSolution
		{263B9E79-53A7-4075-B2F6-0CE4E35804BC} = {D8043E93-B428-4A53-A8FD-B5057D43A005}
		{BF7C19D5-2FB6-4B94-B73C-337880DF5582} = {D8043E93-B428-4A53-A8FD-B5057D43A005}
		{1BD26D51-9727-4FAB-81AD-2C6EC2661711} = {227978C5-DDD3-4B0E-8A15-1322EEE164A2}
	EndGlobalSection
	GlobalSection(ExtensibilityGlobals) = postSolution
		SolutionGuid = {4181E7AB-9170-480C-A128-CAB8740DD30B}
	EndGlobalSection
EndGlobal
